// !$*UTF8*$!
{
	archiveVersion = 1;
	classes = {
	};
	objectVersion = 46;
	objects = {

/* Begin PBXBuildFile section */
		10507BAD1DB5B20100D91147 /* items.txt in Resources */ = {isa = PBXBuildFile; fileRef = 10507BAC1DB5B20100D91147 /* items.txt */; };
		106EADA320646E55008E41B0 /* Combinations.swift in Sources */ = {isa = PBXBuildFile; fileRef = 106EADA220646E55008E41B0 /* Combinations.swift */; };
		106EADA5206478D4008E41B0 /* WordUnscramblerViewController.swift in Sources */ = {isa = PBXBuildFile; fileRef = 106EADA4206478D4008E41B0 /* WordUnscramblerViewController.swift */; };
		10CD01D42072894600152C68 /* GoogleService-Info.plist in Resources */ = {isa = PBXBuildFile; fileRef = 10CD01D32072894600152C68 /* GoogleService-Info.plist */; };
		10DD00221D8A20070076D3BD /* AppDelegate.swift in Sources */ = {isa = PBXBuildFile; fileRef = 10DD00211D8A20070076D3BD /* AppDelegate.swift */; };
		10DD00271D8A20070076D3BD /* Main.storyboard in Resources */ = {isa = PBXBuildFile; fileRef = 10DD00251D8A20070076D3BD /* Main.storyboard */; };
		10DD002C1D8A20070076D3BD /* Assets.xcassets in Resources */ = {isa = PBXBuildFile; fileRef = 10DD002B1D8A20070076D3BD /* Assets.xcassets */; };
		10DD002F1D8A20070076D3BD /* LaunchScreen.storyboard in Resources */ = {isa = PBXBuildFile; fileRef = 10DD002D1D8A20070076D3BD /* LaunchScreen.storyboard */; };
		10DD003A1D8A20070076D3BD /* Word_UnscramblerTests.swift in Sources */ = {isa = PBXBuildFile; fileRef = 10DD00391D8A20070076D3BD /* Word_UnscramblerTests.swift */; };
		10DD00451D8A20070076D3BD /* Word_UnscramblerUITests.swift in Sources */ = {isa = PBXBuildFile; fileRef = 10DD00441D8A20070076D3BD /* Word_UnscramblerUITests.swift */; };
		10E18DC31DB1DF52004F6491 /* WebViewController.swift in Sources */ = {isa = PBXBuildFile; fileRef = 10E18DC21DB1DF52004F6491 /* WebViewController.swift */; };
		192E40555EC5A42F2851F233 /* UIViewControllerExtension.swift in Sources */ = {isa = PBXBuildFile; fileRef = 192E43A0C2BE7713A00B8655 /* UIViewControllerExtension.swift */; };
		192E40D37324E59FEB08E6BA /* WordTableViewCell.swift in Sources */ = {isa = PBXBuildFile; fileRef = 192E44607A12D6194F01A5DD /* WordTableViewCell.swift */; };
		192E40D40A0FAC6407450551 /* valid_words.txt in Resources */ = {isa = PBXBuildFile; fileRef = 192E43487310E4C647F5F76A /* valid_words.txt */; };
		192E40E380D0F1F3F18C22B6 /* Section.swift in Sources */ = {isa = PBXBuildFile; fileRef = 192E4FE64D69B9BE3E41C1E7 /* Section.swift */; };
		192E41ACAC0D76758BEC9B27 /* FirebaseKey.swift in Sources */ = {isa = PBXBuildFile; fileRef = 192E448C35D4D67C25AF3E94 /* FirebaseKey.swift */; };
		192E41B9E8047C6E96938C55 /* FilterViewController.swift in Sources */ = {isa = PBXBuildFile; fileRef = 192E4ED948876667F9ED5BC9 /* FilterViewController.swift */; };
		192E41F6F83527046E05AC32 /* FirebaseWord.swift in Sources */ = {isa = PBXBuildFile; fileRef = 192E4AA9544482559D4E7A67 /* FirebaseWord.swift */; };
		192E433E5A940D32BA26D171 /* invalid_words.txt in Resources */ = {isa = PBXBuildFile; fileRef = 192E4E4F5354714F9703F8AE /* invalid_words.txt */; };
		192E439C090F5E0965775601 /* FirebaseReference.swift in Sources */ = {isa = PBXBuildFile; fileRef = 192E49056F848F67B81FF008 /* FirebaseReference.swift */; };
		192E44ABA4D6A42E7F2A3AF2 /* UINavigationControllerExtension.swift in Sources */ = {isa = PBXBuildFile; fileRef = 192E4F99605231FE49EFE00F /* UINavigationControllerExtension.swift */; };
		192E44FBFB8ADB50C3C6C1B6 /* AlegreyaSans-Bold.ttf in Resources */ = {isa = PBXBuildFile; fileRef = 192E4618C011AD7DB651C51D /* AlegreyaSans-Bold.ttf */; };
		192E45659CFE347E05323E94 /* loading_seesaw.json in Resources */ = {isa = PBXBuildFile; fileRef = 192E42F7E1E291B4A2CC30EC /* loading_seesaw.json */; };
		192E45CE8F803031F8F3C441 /* UIViewExtension.swift in Sources */ = {isa = PBXBuildFile; fileRef = 192E4C2BD860E148C84DF0A0 /* UIViewExtension.swift */; };
		192E45DD500340878E954655 /* Icon.swift in Sources */ = {isa = PBXBuildFile; fileRef = 192E4DBB91D2EF43DE20F7A0 /* Icon.swift */; };
		192E4675EE23C8E24F9BB9FE /* Default.swift in Sources */ = {isa = PBXBuildFile; fileRef = 192E44C9AACF1F6A94913DFA /* Default.swift */; };
		192E469D237414FBDFC60A9A /* AlegreyaSans-Black.ttf in Resources */ = {isa = PBXBuildFile; fileRef = 192E44AF7DF1E66457439C69 /* AlegreyaSans-Black.ttf */; };
		192E47F555D76A6722749AA6 /* Color.swift in Sources */ = {isa = PBXBuildFile; fileRef = 192E4D0D84EB18B88AA3D04A /* Color.swift */; };
		192E4827FD40BFCE90A6FE08 /* DefinitionTableViewCell.swift in Sources */ = {isa = PBXBuildFile; fileRef = 192E4418BB8F1D6593181D8B /* DefinitionTableViewCell.swift */; };
		192E4A1AC6DE1026B9E71B16 /* CollapsibleTableViewHeader.swift in Sources */ = {isa = PBXBuildFile; fileRef = 192E4F052DB16E8CB15E1662 /* CollapsibleTableViewHeader.swift */; };
		192E4A207C2E543D9A0A671E /* FirebaseFetchWordCompletion.swift in Sources */ = {isa = PBXBuildFile; fileRef = 192E4CCCF373EC112CC1CD40 /* FirebaseFetchWordCompletion.swift */; };
		192E4A942DD90BC453B0FFCA /* loading_cubes.json in Resources */ = {isa = PBXBuildFile; fileRef = 192E47CE3AEAC74C20606CFA /* loading_cubes.json */; };
		192E4B18925542C97CEB5DD8 /* MainViewController.swift in Sources */ = {isa = PBXBuildFile; fileRef = 192E4D835E278916A818DBF4 /* MainViewController.swift */; };
		192E4B41BB561A6250BEEF2A /* Message.swift in Sources */ = {isa = PBXBuildFile; fileRef = 192E41363D0C1D9F2C4E3263 /* Message.swift */; };
		192E4C11EDAAACB78A304CDE /* UITextFieldExtension.swift in Sources */ = {isa = PBXBuildFile; fileRef = 192E4BA05B2AA869C2664D5C /* UITextFieldExtension.swift */; };
		192E4C51D303AA67483EB7C4 /* AlegreyaSans-ExtraBold.ttf in Resources */ = {isa = PBXBuildFile; fileRef = 192E4C48C3E57A1CA00694C7 /* AlegreyaSans-ExtraBold.ttf */; };
		192E4CA8E44A41AF32BA81CB /* LOTAnimationViewExtension.swift in Sources */ = {isa = PBXBuildFile; fileRef = 192E448B88B8F44099EC0D77 /* LOTAnimationViewExtension.swift */; };
		192E4D0808075595AF729419 /* Font.swift in Sources */ = {isa = PBXBuildFile; fileRef = 192E47625FD846327F5913BA /* Font.swift */; };
		192E4D65362EC24B4DD090E6 /* words.txt in Resources */ = {isa = PBXBuildFile; fileRef = 192E4EA911BCFBAADE70319B /* words.txt */; };
		192E4D73DA17E6F0ADBB7B32 /* FetchDefinition.swift in Sources */ = {isa = PBXBuildFile; fileRef = 192E45082A2439BDC45A40A1 /* FetchDefinition.swift */; };
		192E4DC96685179B9338301A /* FIrebaseFetch.swift in Sources */ = {isa = PBXBuildFile; fileRef = 192E4B6D53337C4E02C79C23 /* FIrebaseFetch.swift */; };
		192E4DE53AD2FCC6EF0EBA7C /* DefinitionViewController.swift in Sources */ = {isa = PBXBuildFile; fileRef = 192E45300D3668AAD0815BD4 /* DefinitionViewController.swift */; };
		192E4E3ECAAB7426644E0831 /* Circle.swift in Sources */ = {isa = PBXBuildFile; fileRef = 192E45551F2A85F8D4058B7A /* Circle.swift */; };
		192E4E6D4B8C2B1610EF80DB /* UnScrambler.swift in Sources */ = {isa = PBXBuildFile; fileRef = 192E487CC35795CFED381B36 /* UnScrambler.swift */; };
		192E4F6D704A3635A84BF927 /* AlegreyaSans-Medium.ttf in Resources */ = {isa = PBXBuildFile; fileRef = 192E42B1873990B03909B2D6 /* AlegreyaSans-Medium.ttf */; };
		192E4F74D914EDCA975EF59B /* AlegreyaSans-Regular.ttf in Resources */ = {isa = PBXBuildFile; fileRef = 192E4E43292D7FF87C182227 /* AlegreyaSans-Regular.ttf */; };
		192E4F7D81B59E4794769EA3 /* LottieAnimation.swift in Sources */ = {isa = PBXBuildFile; fileRef = 192E4491A265B8CD8C0C8574 /* LottieAnimation.swift */; };
		8597D5461A571913E4A69608 /* Pods_Word_UnscramblerUITests.framework in Frameworks */ = {isa = PBXBuildFile; fileRef = B61AF3B9DCD4A51E22383A12 /* Pods_Word_UnscramblerUITests.framework */; };
		A3F1C15A89C83607F9C00DF8 /* Pods_Word_UnscramblerTests.framework in Frameworks */ = {isa = PBXBuildFile; fileRef = E72DD8FC65ADB0ACC9EA275B /* Pods_Word_UnscramblerTests.framework */; };
		BCDFCD701FCD4AE6E1E1070A /* Pods_Word_Unscrambler.framework in Frameworks */ = {isa = PBXBuildFile; fileRef = ACE16E75A5D661CB5317EB54 /* Pods_Word_Unscrambler.framework */; };
/* End PBXBuildFile section */

/* Begin PBXContainerItemProxy section */
		10DD00361D8A20070076D3BD /* PBXContainerItemProxy */ = {
			isa = PBXContainerItemProxy;
			containerPortal = 10DD00161D8A20070076D3BD /* Project object */;
			proxyType = 1;
			remoteGlobalIDString = 10DD001D1D8A20070076D3BD;
			remoteInfo = "Word Unscrambler";
		};
		10DD00411D8A20070076D3BD /* PBXContainerItemProxy */ = {
			isa = PBXContainerItemProxy;
			containerPortal = 10DD00161D8A20070076D3BD /* Project object */;
			proxyType = 1;
			remoteGlobalIDString = 10DD001D1D8A20070076D3BD;
			remoteInfo = "Word Unscrambler";
		};
/* End PBXContainerItemProxy section */

/* Begin PBXFileReference section */
		02CCE1A0D854DAC0F2540E68 /* Pods-Word UnscramblerTests.release.xcconfig */ = {isa = PBXFileReference; includeInIndex = 1; lastKnownFileType = text.xcconfig; name = "Pods-Word UnscramblerTests.release.xcconfig"; path = "Pods/Target Support Files/Pods-Word UnscramblerTests/Pods-Word UnscramblerTests.release.xcconfig"; sourceTree = "<group>"; };
		10507BAC1DB5B20100D91147 /* items.txt */ = {isa = PBXFileReference; fileEncoding = 4; lastKnownFileType = text; path = items.txt; sourceTree = "<group>"; };
		106EADA220646E55008E41B0 /* Combinations.swift */ = {isa = PBXFileReference; lastKnownFileType = sourcecode.swift; path = Combinations.swift; sourceTree = "<group>"; };
		106EADA4206478D4008E41B0 /* WordUnscramblerViewController.swift */ = {isa = PBXFileReference; lastKnownFileType = sourcecode.swift; path = WordUnscramblerViewController.swift; sourceTree = "<group>"; };
		10CD01D32072894600152C68 /* GoogleService-Info.plist */ = {isa = PBXFileReference; fileEncoding = 4; lastKnownFileType = text.plist.xml; path = "GoogleService-Info.plist"; sourceTree = "<group>"; };
		10DD001E1D8A20070076D3BD /* Word Unscrambler.app */ = {isa = PBXFileReference; explicitFileType = wrapper.application; includeInIndex = 0; path = "Word Unscrambler.app"; sourceTree = BUILT_PRODUCTS_DIR; };
		10DD00211D8A20070076D3BD /* AppDelegate.swift */ = {isa = PBXFileReference; lastKnownFileType = sourcecode.swift; path = AppDelegate.swift; sourceTree = "<group>"; };
		10DD00261D8A20070076D3BD /* Base */ = {isa = PBXFileReference; lastKnownFileType = file.storyboard; name = Base; path = Base.lproj/Main.storyboard; sourceTree = "<group>"; };
		10DD002B1D8A20070076D3BD /* Assets.xcassets */ = {isa = PBXFileReference; lastKnownFileType = folder.assetcatalog; path = Assets.xcassets; sourceTree = "<group>"; };
		10DD002E1D8A20070076D3BD /* Base */ = {isa = PBXFileReference; lastKnownFileType = file.storyboard; name = Base; path = Base.lproj/LaunchScreen.storyboard; sourceTree = "<group>"; };
		10DD00301D8A20070076D3BD /* Info.plist */ = {isa = PBXFileReference; lastKnownFileType = text.plist.xml; path = Info.plist; sourceTree = "<group>"; };
		10DD00351D8A20070076D3BD /* Word UnscramblerTests.xctest */ = {isa = PBXFileReference; explicitFileType = wrapper.cfbundle; includeInIndex = 0; path = "Word UnscramblerTests.xctest"; sourceTree = BUILT_PRODUCTS_DIR; };
		10DD00391D8A20070076D3BD /* Word_UnscramblerTests.swift */ = {isa = PBXFileReference; lastKnownFileType = sourcecode.swift; path = Word_UnscramblerTests.swift; sourceTree = "<group>"; };
		10DD003B1D8A20070076D3BD /* Info.plist */ = {isa = PBXFileReference; lastKnownFileType = text.plist.xml; path = Info.plist; sourceTree = "<group>"; };
		10DD00401D8A20070076D3BD /* Word UnscramblerUITests.xctest */ = {isa = PBXFileReference; explicitFileType = wrapper.cfbundle; includeInIndex = 0; path = "Word UnscramblerUITests.xctest"; sourceTree = BUILT_PRODUCTS_DIR; };
		10DD00441D8A20070076D3BD /* Word_UnscramblerUITests.swift */ = {isa = PBXFileReference; lastKnownFileType = sourcecode.swift; path = Word_UnscramblerUITests.swift; sourceTree = "<group>"; };
		10DD00461D8A20070076D3BD /* Info.plist */ = {isa = PBXFileReference; lastKnownFileType = text.plist.xml; path = Info.plist; sourceTree = "<group>"; };
		10E18DC21DB1DF52004F6491 /* WebViewController.swift */ = {isa = PBXFileReference; fileEncoding = 4; lastKnownFileType = sourcecode.swift; path = WebViewController.swift; sourceTree = "<group>"; };
		192E41363D0C1D9F2C4E3263 /* Message.swift */ = {isa = PBXFileReference; fileEncoding = 4; lastKnownFileType = sourcecode.swift; path = Message.swift; sourceTree = "<group>"; };
		192E42B1873990B03909B2D6 /* AlegreyaSans-Medium.ttf */ = {isa = PBXFileReference; lastKnownFileType = file.ttf; path = "AlegreyaSans-Medium.ttf"; sourceTree = "<group>"; };
		192E42F7E1E291B4A2CC30EC /* loading_seesaw.json */ = {isa = PBXFileReference; fileEncoding = 4; lastKnownFileType = text.json; path = loading_seesaw.json; sourceTree = "<group>"; };
		192E43487310E4C647F5F76A /* valid_words.txt */ = {isa = PBXFileReference; fileEncoding = 4; lastKnownFileType = text; path = valid_words.txt; sourceTree = "<group>"; };
		192E43A0C2BE7713A00B8655 /* UIViewControllerExtension.swift */ = {isa = PBXFileReference; fileEncoding = 4; lastKnownFileType = sourcecode.swift; path = UIViewControllerExtension.swift; sourceTree = "<group>"; };
		192E4418BB8F1D6593181D8B /* DefinitionTableViewCell.swift */ = {isa = PBXFileReference; fileEncoding = 4; lastKnownFileType = sourcecode.swift; path = DefinitionTableViewCell.swift; sourceTree = "<group>"; };
		192E44607A12D6194F01A5DD /* WordTableViewCell.swift */ = {isa = PBXFileReference; fileEncoding = 4; lastKnownFileType = sourcecode.swift; path = WordTableViewCell.swift; sourceTree = "<group>"; };
		192E448B88B8F44099EC0D77 /* LOTAnimationViewExtension.swift */ = {isa = PBXFileReference; fileEncoding = 4; lastKnownFileType = sourcecode.swift; path = LOTAnimationViewExtension.swift; sourceTree = "<group>"; };
		192E448C35D4D67C25AF3E94 /* FirebaseKey.swift */ = {isa = PBXFileReference; fileEncoding = 4; lastKnownFileType = sourcecode.swift; path = FirebaseKey.swift; sourceTree = "<group>"; };
		192E4491A265B8CD8C0C8574 /* LottieAnimation.swift */ = {isa = PBXFileReference; fileEncoding = 4; lastKnownFileType = sourcecode.swift; path = LottieAnimation.swift; sourceTree = "<group>"; };
		192E44AF7DF1E66457439C69 /* AlegreyaSans-Black.ttf */ = {isa = PBXFileReference; lastKnownFileType = file.ttf; path = "AlegreyaSans-Black.ttf"; sourceTree = "<group>"; };
		192E44C9AACF1F6A94913DFA /* Default.swift */ = {isa = PBXFileReference; fileEncoding = 4; lastKnownFileType = sourcecode.swift; path = Default.swift; sourceTree = "<group>"; };
		192E45082A2439BDC45A40A1 /* FetchDefinition.swift */ = {isa = PBXFileReference; fileEncoding = 4; lastKnownFileType = sourcecode.swift; path = FetchDefinition.swift; sourceTree = "<group>"; };
		192E45300D3668AAD0815BD4 /* DefinitionViewController.swift */ = {isa = PBXFileReference; fileEncoding = 4; lastKnownFileType = sourcecode.swift; path = DefinitionViewController.swift; sourceTree = "<group>"; };
		192E45551F2A85F8D4058B7A /* Circle.swift */ = {isa = PBXFileReference; fileEncoding = 4; lastKnownFileType = sourcecode.swift; path = Circle.swift; sourceTree = "<group>"; };
		192E4618C011AD7DB651C51D /* AlegreyaSans-Bold.ttf */ = {isa = PBXFileReference; lastKnownFileType = file.ttf; path = "AlegreyaSans-Bold.ttf"; sourceTree = "<group>"; };
		192E47625FD846327F5913BA /* Font.swift */ = {isa = PBXFileReference; fileEncoding = 4; lastKnownFileType = sourcecode.swift; path = Font.swift; sourceTree = "<group>"; };
		192E47CE3AEAC74C20606CFA /* loading_cubes.json */ = {isa = PBXFileReference; fileEncoding = 4; lastKnownFileType = text.json; path = loading_cubes.json; sourceTree = "<group>"; };
		192E487CC35795CFED381B36 /* UnScrambler.swift */ = {isa = PBXFileReference; fileEncoding = 4; lastKnownFileType = sourcecode.swift; path = UnScrambler.swift; sourceTree = "<group>"; };
		192E49056F848F67B81FF008 /* FirebaseReference.swift */ = {isa = PBXFileReference; fileEncoding = 4; lastKnownFileType = sourcecode.swift; path = FirebaseReference.swift; sourceTree = "<group>"; };
		192E4AA9544482559D4E7A67 /* FirebaseWord.swift */ = {isa = PBXFileReference; fileEncoding = 4; lastKnownFileType = sourcecode.swift; path = FirebaseWord.swift; sourceTree = "<group>"; };
		192E4B6D53337C4E02C79C23 /* FIrebaseFetch.swift */ = {isa = PBXFileReference; fileEncoding = 4; lastKnownFileType = sourcecode.swift; path = FIrebaseFetch.swift; sourceTree = "<group>"; };
		192E4BA05B2AA869C2664D5C /* UITextFieldExtension.swift */ = {isa = PBXFileReference; fileEncoding = 4; lastKnownFileType = sourcecode.swift; path = UITextFieldExtension.swift; sourceTree = "<group>"; };
		192E4C2BD860E148C84DF0A0 /* UIViewExtension.swift */ = {isa = PBXFileReference; fileEncoding = 4; lastKnownFileType = sourcecode.swift; path = UIViewExtension.swift; sourceTree = "<group>"; };
		192E4C48C3E57A1CA00694C7 /* AlegreyaSans-ExtraBold.ttf */ = {isa = PBXFileReference; lastKnownFileType = file.ttf; path = "AlegreyaSans-ExtraBold.ttf"; sourceTree = "<group>"; };
		192E4CCCF373EC112CC1CD40 /* FirebaseFetchWordCompletion.swift */ = {isa = PBXFileReference; fileEncoding = 4; lastKnownFileType = sourcecode.swift; path = FirebaseFetchWordCompletion.swift; sourceTree = "<group>"; };
		192E4D0D84EB18B88AA3D04A /* Color.swift */ = {isa = PBXFileReference; fileEncoding = 4; lastKnownFileType = sourcecode.swift; path = Color.swift; sourceTree = "<group>"; };
		192E4D835E278916A818DBF4 /* MainViewController.swift */ = {isa = PBXFileReference; fileEncoding = 4; lastKnownFileType = sourcecode.swift; path = MainViewController.swift; sourceTree = "<group>"; };
		192E4DBB91D2EF43DE20F7A0 /* Icon.swift */ = {isa = PBXFileReference; fileEncoding = 4; lastKnownFileType = sourcecode.swift; path = Icon.swift; sourceTree = "<group>"; };
		192E4E43292D7FF87C182227 /* AlegreyaSans-Regular.ttf */ = {isa = PBXFileReference; lastKnownFileType = file.ttf; path = "AlegreyaSans-Regular.ttf"; sourceTree = "<group>"; };
		192E4E4F5354714F9703F8AE /* invalid_words.txt */ = {isa = PBXFileReference; fileEncoding = 4; lastKnownFileType = text; path = invalid_words.txt; sourceTree = "<group>"; };
		192E4EA911BCFBAADE70319B /* words.txt */ = {isa = PBXFileReference; fileEncoding = 4; lastKnownFileType = text; path = words.txt; sourceTree = "<group>"; };
		192E4ED948876667F9ED5BC9 /* FilterViewController.swift */ = {isa = PBXFileReference; fileEncoding = 4; lastKnownFileType = sourcecode.swift; path = FilterViewController.swift; sourceTree = "<group>"; };
		192E4F052DB16E8CB15E1662 /* CollapsibleTableViewHeader.swift */ = {isa = PBXFileReference; fileEncoding = 4; lastKnownFileType = sourcecode.swift; path = CollapsibleTableViewHeader.swift; sourceTree = "<group>"; };
		192E4F99605231FE49EFE00F /* UINavigationControllerExtension.swift */ = {isa = PBXFileReference; fileEncoding = 4; lastKnownFileType = sourcecode.swift; path = UINavigationControllerExtension.swift; sourceTree = "<group>"; };
		192E4FE64D69B9BE3E41C1E7 /* Section.swift */ = {isa = PBXFileReference; fileEncoding = 4; lastKnownFileType = sourcecode.swift; path = Section.swift; sourceTree = "<group>"; };
		3A7C33669F97B24621C5A6C6 /* Pods-Word UnscramblerUITests.release.xcconfig */ = {isa = PBXFileReference; includeInIndex = 1; lastKnownFileType = text.xcconfig; name = "Pods-Word UnscramblerUITests.release.xcconfig"; path = "Pods/Target Support Files/Pods-Word UnscramblerUITests/Pods-Word UnscramblerUITests.release.xcconfig"; sourceTree = "<group>"; };
		6DB28EE393E853AA144B2A6A /* Pods-Word Unscrambler.debug.xcconfig */ = {isa = PBXFileReference; includeInIndex = 1; lastKnownFileType = text.xcconfig; name = "Pods-Word Unscrambler.debug.xcconfig"; path = "Pods/Target Support Files/Pods-Word Unscrambler/Pods-Word Unscrambler.debug.xcconfig"; sourceTree = "<group>"; };
		7AAEC2551AF72120C378539A /* Pods-Word Unscrambler.release.xcconfig */ = {isa = PBXFileReference; includeInIndex = 1; lastKnownFileType = text.xcconfig; name = "Pods-Word Unscrambler.release.xcconfig"; path = "Pods/Target Support Files/Pods-Word Unscrambler/Pods-Word Unscrambler.release.xcconfig"; sourceTree = "<group>"; };
		9DA310760039FD5D69FA083E /* Pods-Word UnscramblerTests.debug.xcconfig */ = {isa = PBXFileReference; includeInIndex = 1; lastKnownFileType = text.xcconfig; name = "Pods-Word UnscramblerTests.debug.xcconfig"; path = "Pods/Target Support Files/Pods-Word UnscramblerTests/Pods-Word UnscramblerTests.debug.xcconfig"; sourceTree = "<group>"; };
		ACE16E75A5D661CB5317EB54 /* Pods_Word_Unscrambler.framework */ = {isa = PBXFileReference; explicitFileType = wrapper.framework; includeInIndex = 0; path = Pods_Word_Unscrambler.framework; sourceTree = BUILT_PRODUCTS_DIR; };
		B61AF3B9DCD4A51E22383A12 /* Pods_Word_UnscramblerUITests.framework */ = {isa = PBXFileReference; explicitFileType = wrapper.framework; includeInIndex = 0; path = Pods_Word_UnscramblerUITests.framework; sourceTree = BUILT_PRODUCTS_DIR; };
		E2EF0121C8632A275B93AC2E /* Pods-Word UnscramblerUITests.debug.xcconfig */ = {isa = PBXFileReference; includeInIndex = 1; lastKnownFileType = text.xcconfig; name = "Pods-Word UnscramblerUITests.debug.xcconfig"; path = "Pods/Target Support Files/Pods-Word UnscramblerUITests/Pods-Word UnscramblerUITests.debug.xcconfig"; sourceTree = "<group>"; };
		E72DD8FC65ADB0ACC9EA275B /* Pods_Word_UnscramblerTests.framework */ = {isa = PBXFileReference; explicitFileType = wrapper.framework; includeInIndex = 0; path = Pods_Word_UnscramblerTests.framework; sourceTree = BUILT_PRODUCTS_DIR; };
/* End PBXFileReference section */

/* Begin PBXFrameworksBuildPhase section */
		10DD001B1D8A20070076D3BD /* Frameworks */ = {
			isa = PBXFrameworksBuildPhase;
			buildActionMask = 2147483647;
			files = (
				BCDFCD701FCD4AE6E1E1070A /* Pods_Word_Unscrambler.framework in Frameworks */,
			);
			runOnlyForDeploymentPostprocessing = 0;
		};
		10DD00321D8A20070076D3BD /* Frameworks */ = {
			isa = PBXFrameworksBuildPhase;
			buildActionMask = 2147483647;
			files = (
				A3F1C15A89C83607F9C00DF8 /* Pods_Word_UnscramblerTests.framework in Frameworks */,
			);
			runOnlyForDeploymentPostprocessing = 0;
		};
		10DD003D1D8A20070076D3BD /* Frameworks */ = {
			isa = PBXFrameworksBuildPhase;
			buildActionMask = 2147483647;
			files = (
				8597D5461A571913E4A69608 /* Pods_Word_UnscramblerUITests.framework in Frameworks */,
			);
			runOnlyForDeploymentPostprocessing = 0;
		};
/* End PBXFrameworksBuildPhase section */

/* Begin PBXGroup section */
		10DD00151D8A20070076D3BD = {
			isa = PBXGroup;
			children = (
				10DD00201D8A20070076D3BD /* Word Unscrambler */,
				10DD00381D8A20070076D3BD /* Word UnscramblerTests */,
				10DD00431D8A20070076D3BD /* Word UnscramblerUITests */,
				10DD001F1D8A20070076D3BD /* Products */,
				BF6109688A61A3F7A1296223 /* Pods */,
				3C3CD7F1861EA447717828C2 /* Frameworks */,
			);
			sourceTree = "<group>";
		};
		10DD001F1D8A20070076D3BD /* Products */ = {
			isa = PBXGroup;
			children = (
				10DD001E1D8A20070076D3BD /* Word Unscrambler.app */,
				10DD00351D8A20070076D3BD /* Word UnscramblerTests.xctest */,
				10DD00401D8A20070076D3BD /* Word UnscramblerUITests.xctest */,
			);
			name = Products;
			sourceTree = "<group>";
		};
		10DD00201D8A20070076D3BD /* Word Unscrambler */ = {
			isa = PBXGroup;
			children = (
				10507BAC1DB5B20100D91147 /* items.txt */,
				10DD00211D8A20070076D3BD /* AppDelegate.swift */,
				106EADA4206478D4008E41B0 /* WordUnscramblerViewController.swift */,
				10E18DC21DB1DF52004F6491 /* WebViewController.swift */,
				10DD00251D8A20070076D3BD /* Main.storyboard */,
				10DD002B1D8A20070076D3BD /* Assets.xcassets */,
				10DD002D1D8A20070076D3BD /* LaunchScreen.storyboard */,
				10DD00301D8A20070076D3BD /* Info.plist */,
				10CD01D32072894600152C68 /* GoogleService-Info.plist */,
				106EADA220646E55008E41B0 /* Combinations.swift */,
				192E49B0E12E1323F4F3AC3E /* ViewControllers */,
				192E46A50DEE2C300500D9CD /* Extensions */,
				192E48FE3CE381D5FA6208C7 /* Util */,
				192E4AF4A6FA92E39D12A236 /* Fonts */,
				192E4870E6CE39E66AC8F1AE /* Cells */,
				192E4B9FEAB91025BBC8E0AD /* Type */,
				192E4234A93D43FFD4C334E8 /* WordFiles */,
				192E42846D28FBDE2F68295C /* Firebase */,
				192E41851FBA0A5FF42136A4 /* CompletionHandlers */,
				192E47E0BE861379A60042E7 /* Views */,
				192E434A22DB6A66FFF4AC52 /* LottieAnimations */,
			);
			path = "Word Unscrambler";
			sourceTree = "<group>";
		};
		10DD00381D8A20070076D3BD /* Word UnscramblerTests */ = {
			isa = PBXGroup;
			children = (
				10DD00391D8A20070076D3BD /* Word_UnscramblerTests.swift */,
				10DD003B1D8A20070076D3BD /* Info.plist */,
			);
			path = "Word UnscramblerTests";
			sourceTree = "<group>";
		};
		10DD00431D8A20070076D3BD /* Word UnscramblerUITests */ = {
			isa = PBXGroup;
			children = (
				10DD00441D8A20070076D3BD /* Word_UnscramblerUITests.swift */,
				10DD00461D8A20070076D3BD /* Info.plist */,
			);
			path = "Word UnscramblerUITests";
			sourceTree = "<group>";
		};
		192E41851FBA0A5FF42136A4 /* CompletionHandlers */ = {
			isa = PBXGroup;
			children = (
				192E4CCCF373EC112CC1CD40 /* FirebaseFetchWordCompletion.swift */,
			);
			path = CompletionHandlers;
			sourceTree = "<group>";
		};
		192E4234A93D43FFD4C334E8 /* WordFiles */ = {
			isa = PBXGroup;
			children = (
				192E43487310E4C647F5F76A /* valid_words.txt */,
				192E4E4F5354714F9703F8AE /* invalid_words.txt */,
				192E4EA911BCFBAADE70319B /* words.txt */,
			);
			path = WordFiles;
			sourceTree = "<group>";
		};
		192E42846D28FBDE2F68295C /* Firebase */ = {
			isa = PBXGroup;
			children = (
				192E448C35D4D67C25AF3E94 /* FirebaseKey.swift */,
				192E49056F848F67B81FF008 /* FirebaseReference.swift */,
				192E4B6D53337C4E02C79C23 /* FIrebaseFetch.swift */,
			);
			path = Firebase;
			sourceTree = "<group>";
		};
		192E434A22DB6A66FFF4AC52 /* LottieAnimations */ = {
			isa = PBXGroup;
			children = (
				192E47CE3AEAC74C20606CFA /* loading_cubes.json */,
				192E42F7E1E291B4A2CC30EC /* loading_seesaw.json */,
			);
			path = LottieAnimations;
			sourceTree = "<group>";
		};
		192E46A50DEE2C300500D9CD /* Extensions */ = {
			isa = PBXGroup;
			children = (
				192E43A0C2BE7713A00B8655 /* UIViewControllerExtension.swift */,
				192E4F99605231FE49EFE00F /* UINavigationControllerExtension.swift */,
				192E4BA05B2AA869C2664D5C /* UITextFieldExtension.swift */,
				192E4C2BD860E148C84DF0A0 /* UIViewExtension.swift */,
				192E448B88B8F44099EC0D77 /* LOTAnimationViewExtension.swift */,
			);
			path = Extensions;
			sourceTree = "<group>";
		};
		192E47E0BE861379A60042E7 /* Views */ = {
			isa = PBXGroup;
			children = (
				192E45551F2A85F8D4058B7A /* Circle.swift */,
			);
			path = Views;
			sourceTree = "<group>";
		};
		192E4870E6CE39E66AC8F1AE /* Cells */ = {
			isa = PBXGroup;
			children = (
				192E44607A12D6194F01A5DD /* WordTableViewCell.swift */,
				192E4F052DB16E8CB15E1662 /* CollapsibleTableViewHeader.swift */,
				192E4418BB8F1D6593181D8B /* DefinitionTableViewCell.swift */,
			);
			path = Cells;
			sourceTree = "<group>";
		};
		192E48FE3CE381D5FA6208C7 /* Util */ = {
			isa = PBXGroup;
			children = (
				192E4D0D84EB18B88AA3D04A /* Color.swift */,
				192E47625FD846327F5913BA /* Font.swift */,
				192E41363D0C1D9F2C4E3263 /* Message.swift */,
				192E4DBB91D2EF43DE20F7A0 /* Icon.swift */,
				192E44C9AACF1F6A94913DFA /* Default.swift */,
				192E4491A265B8CD8C0C8574 /* LottieAnimation.swift */,
			);
			path = Util;
			sourceTree = "<group>";
		};
		192E49B0E12E1323F4F3AC3E /* ViewControllers */ = {
			isa = PBXGroup;
			children = (
				192E4D835E278916A818DBF4 /* MainViewController.swift */,
				192E4ED948876667F9ED5BC9 /* FilterViewController.swift */,
				192E45300D3668AAD0815BD4 /* DefinitionViewController.swift */,
			);
			path = ViewControllers;
			sourceTree = "<group>";
		};
		192E4AF4A6FA92E39D12A236 /* Fonts */ = {
			isa = PBXGroup;
			children = (
				192E44AF7DF1E66457439C69 /* AlegreyaSans-Black.ttf */,
				192E4C48C3E57A1CA00694C7 /* AlegreyaSans-ExtraBold.ttf */,
				192E4E43292D7FF87C182227 /* AlegreyaSans-Regular.ttf */,
				192E4618C011AD7DB651C51D /* AlegreyaSans-Bold.ttf */,
				192E42B1873990B03909B2D6 /* AlegreyaSans-Medium.ttf */,
			);
			path = Fonts;
			sourceTree = "<group>";
		};
		192E4B9FEAB91025BBC8E0AD /* Type */ = {
			isa = PBXGroup;
			children = (
				192E4FE64D69B9BE3E41C1E7 /* Section.swift */,
				192E487CC35795CFED381B36 /* UnScrambler.swift */,
				192E45082A2439BDC45A40A1 /* FetchDefinition.swift */,
				192E4AA9544482559D4E7A67 /* FirebaseWord.swift */,
			);
			path = Type;
			sourceTree = "<group>";
		};
		3C3CD7F1861EA447717828C2 /* Frameworks */ = {
			isa = PBXGroup;
			children = (
				ACE16E75A5D661CB5317EB54 /* Pods_Word_Unscrambler.framework */,
				E72DD8FC65ADB0ACC9EA275B /* Pods_Word_UnscramblerTests.framework */,
				B61AF3B9DCD4A51E22383A12 /* Pods_Word_UnscramblerUITests.framework */,
			);
			name = Frameworks;
			sourceTree = "<group>";
		};
		BF6109688A61A3F7A1296223 /* Pods */ = {
			isa = PBXGroup;
			children = (
				6DB28EE393E853AA144B2A6A /* Pods-Word Unscrambler.debug.xcconfig */,
				7AAEC2551AF72120C378539A /* Pods-Word Unscrambler.release.xcconfig */,
				9DA310760039FD5D69FA083E /* Pods-Word UnscramblerTests.debug.xcconfig */,
				02CCE1A0D854DAC0F2540E68 /* Pods-Word UnscramblerTests.release.xcconfig */,
				E2EF0121C8632A275B93AC2E /* Pods-Word UnscramblerUITests.debug.xcconfig */,
				3A7C33669F97B24621C5A6C6 /* Pods-Word UnscramblerUITests.release.xcconfig */,
			);
			name = Pods;
			sourceTree = "<group>";
		};
/* End PBXGroup section */

/* Begin PBXNativeTarget section */
		10DD001D1D8A20070076D3BD /* Word Unscrambler */ = {
			isa = PBXNativeTarget;
			buildConfigurationList = 10DD00491D8A20070076D3BD /* Build configuration list for PBXNativeTarget "Word Unscrambler" */;
			buildPhases = (
				21A8F902F097F337AC943ED9 /* [CP] Check Pods Manifest.lock */,
				10DD001A1D8A20070076D3BD /* Sources */,
				10DD001B1D8A20070076D3BD /* Frameworks */,
				10DD001C1D8A20070076D3BD /* Resources */,
				FF56DCDD453142BCFFC57E11 /* [CP] Embed Pods Frameworks */,
			);
			buildRules = (
			);
			dependencies = (
			);
			name = "Word Unscrambler";
			productName = "Word Unscrambler";
			productReference = 10DD001E1D8A20070076D3BD /* Word Unscrambler.app */;
			productType = "com.apple.product-type.application";
		};
		10DD00341D8A20070076D3BD /* Word UnscramblerTests */ = {
			isa = PBXNativeTarget;
			buildConfigurationList = 10DD004C1D8A20070076D3BD /* Build configuration list for PBXNativeTarget "Word UnscramblerTests" */;
			buildPhases = (
				952D17E83A0B91962C6DF84D /* [CP] Check Pods Manifest.lock */,
				10DD00311D8A20070076D3BD /* Sources */,
				10DD00321D8A20070076D3BD /* Frameworks */,
				10DD00331D8A20070076D3BD /* Resources */,
			);
			buildRules = (
			);
			dependencies = (
				10DD00371D8A20070076D3BD /* PBXTargetDependency */,
			);
			name = "Word UnscramblerTests";
			productName = "Word UnscramblerTests";
			productReference = 10DD00351D8A20070076D3BD /* Word UnscramblerTests.xctest */;
			productType = "com.apple.product-type.bundle.unit-test";
		};
		10DD003F1D8A20070076D3BD /* Word UnscramblerUITests */ = {
			isa = PBXNativeTarget;
			buildConfigurationList = 10DD004F1D8A20070076D3BD /* Build configuration list for PBXNativeTarget "Word UnscramblerUITests" */;
			buildPhases = (
				C2D6F11EEDDBBFE6A5C0D973 /* [CP] Check Pods Manifest.lock */,
				10DD003C1D8A20070076D3BD /* Sources */,
				10DD003D1D8A20070076D3BD /* Frameworks */,
				10DD003E1D8A20070076D3BD /* Resources */,
			);
			buildRules = (
			);
			dependencies = (
				10DD00421D8A20070076D3BD /* PBXTargetDependency */,
			);
			name = "Word UnscramblerUITests";
			productName = "Word UnscramblerUITests";
			productReference = 10DD00401D8A20070076D3BD /* Word UnscramblerUITests.xctest */;
			productType = "com.apple.product-type.bundle.ui-testing";
		};
/* End PBXNativeTarget section */

/* Begin PBXProject section */
		10DD00161D8A20070076D3BD /* Project object */ = {
			isa = PBXProject;
			attributes = {
				LastSwiftUpdateCheck = 0730;
				LastUpgradeCheck = 0930;
				ORGANIZATIONNAME = "Satish Boggarapu";
				TargetAttributes = {
					10DD001D1D8A20070076D3BD = {
						CreatedOnToolsVersion = 7.3.1;
						DevelopmentTeam = TEGLEE3UYA;
						LastSwiftMigration = 0920;
						ProvisioningStyle = Manual;
					};
					10DD00341D8A20070076D3BD = {
						CreatedOnToolsVersion = 7.3.1;
						DevelopmentTeam = TEGLEE3UYA;
						LastSwiftMigration = 0920;
						TestTargetID = 10DD001D1D8A20070076D3BD;
					};
					10DD003F1D8A20070076D3BD = {
						CreatedOnToolsVersion = 7.3.1;
						DevelopmentTeam = TEGLEE3UYA;
						LastSwiftMigration = 0920;
						TestTargetID = 10DD001D1D8A20070076D3BD;
					};
				};
			};
			buildConfigurationList = 10DD00191D8A20070076D3BD /* Build configuration list for PBXProject "Word Unscrambler" */;
			compatibilityVersion = "Xcode 3.2";
			developmentRegion = English;
			hasScannedForEncodings = 0;
			knownRegions = (
				en,
				Base,
			);
			mainGroup = 10DD00151D8A20070076D3BD;
			productRefGroup = 10DD001F1D8A20070076D3BD /* Products */;
			projectDirPath = "";
			projectRoot = "";
			targets = (
				10DD001D1D8A20070076D3BD /* Word Unscrambler */,
				10DD00341D8A20070076D3BD /* Word UnscramblerTests */,
				10DD003F1D8A20070076D3BD /* Word UnscramblerUITests */,
			);
		};
/* End PBXProject section */

/* Begin PBXResourcesBuildPhase section */
		10DD001C1D8A20070076D3BD /* Resources */ = {
			isa = PBXResourcesBuildPhase;
			buildActionMask = 2147483647;
			files = (
				10DD002F1D8A20070076D3BD /* LaunchScreen.storyboard in Resources */,
				10507BAD1DB5B20100D91147 /* items.txt in Resources */,
				10CD01D42072894600152C68 /* GoogleService-Info.plist in Resources */,
				10DD002C1D8A20070076D3BD /* Assets.xcassets in Resources */,
				10DD00271D8A20070076D3BD /* Main.storyboard in Resources */,
				192E469D237414FBDFC60A9A /* AlegreyaSans-Black.ttf in Resources */,
				192E4C51D303AA67483EB7C4 /* AlegreyaSans-ExtraBold.ttf in Resources */,
				192E4F74D914EDCA975EF59B /* AlegreyaSans-Regular.ttf in Resources */,
				192E44FBFB8ADB50C3C6C1B6 /* AlegreyaSans-Bold.ttf in Resources */,
				192E4F6D704A3635A84BF927 /* AlegreyaSans-Medium.ttf in Resources */,
				192E40D40A0FAC6407450551 /* valid_words.txt in Resources */,
				192E433E5A940D32BA26D171 /* invalid_words.txt in Resources */,
				192E4D65362EC24B4DD090E6 /* words.txt in Resources */,
				192E4A942DD90BC453B0FFCA /* loading_cubes.json in Resources */,
				192E45659CFE347E05323E94 /* loading_seesaw.json in Resources */,
			);
			runOnlyForDeploymentPostprocessing = 0;
		};
		10DD00331D8A20070076D3BD /* Resources */ = {
			isa = PBXResourcesBuildPhase;
			buildActionMask = 2147483647;
			files = (
			);
			runOnlyForDeploymentPostprocessing = 0;
		};
		10DD003E1D8A20070076D3BD /* Resources */ = {
			isa = PBXResourcesBuildPhase;
			buildActionMask = 2147483647;
			files = (
			);
			runOnlyForDeploymentPostprocessing = 0;
		};
/* End PBXResourcesBuildPhase section */

/* Begin PBXShellScriptBuildPhase section */
		21A8F902F097F337AC943ED9 /* [CP] Check Pods Manifest.lock */ = {
			isa = PBXShellScriptBuildPhase;
			buildActionMask = 2147483647;
			files = (
			);
			inputPaths = (
				"${PODS_PODFILE_DIR_PATH}/Podfile.lock",
				"${PODS_ROOT}/Manifest.lock",
			);
			name = "[CP] Check Pods Manifest.lock";
			outputPaths = (
				"$(DERIVED_FILE_DIR)/Pods-Word Unscrambler-checkManifestLockResult.txt",
			);
			runOnlyForDeploymentPostprocessing = 0;
			shellPath = /bin/sh;
			shellScript = "diff \"${PODS_PODFILE_DIR_PATH}/Podfile.lock\" \"${PODS_ROOT}/Manifest.lock\" > /dev/null\nif [ $? != 0 ] ; then\n    # print error to STDERR\n    echo \"error: The sandbox is not in sync with the Podfile.lock. Run 'pod install' or update your CocoaPods installation.\" >&2\n    exit 1\nfi\n# This output is used by Xcode 'outputs' to avoid re-running this script phase.\necho \"SUCCESS\" > \"${SCRIPT_OUTPUT_FILE_0}\"\n";
			showEnvVarsInLog = 0;
		};
		952D17E83A0B91962C6DF84D /* [CP] Check Pods Manifest.lock */ = {
			isa = PBXShellScriptBuildPhase;
			buildActionMask = 2147483647;
			files = (
			);
			inputPaths = (
				"${PODS_PODFILE_DIR_PATH}/Podfile.lock",
				"${PODS_ROOT}/Manifest.lock",
			);
			name = "[CP] Check Pods Manifest.lock";
			outputPaths = (
				"$(DERIVED_FILE_DIR)/Pods-Word UnscramblerTests-checkManifestLockResult.txt",
			);
			runOnlyForDeploymentPostprocessing = 0;
			shellPath = /bin/sh;
			shellScript = "diff \"${PODS_PODFILE_DIR_PATH}/Podfile.lock\" \"${PODS_ROOT}/Manifest.lock\" > /dev/null\nif [ $? != 0 ] ; then\n    # print error to STDERR\n    echo \"error: The sandbox is not in sync with the Podfile.lock. Run 'pod install' or update your CocoaPods installation.\" >&2\n    exit 1\nfi\n# This output is used by Xcode 'outputs' to avoid re-running this script phase.\necho \"SUCCESS\" > \"${SCRIPT_OUTPUT_FILE_0}\"\n";
			showEnvVarsInLog = 0;
		};
		C2D6F11EEDDBBFE6A5C0D973 /* [CP] Check Pods Manifest.lock */ = {
			isa = PBXShellScriptBuildPhase;
			buildActionMask = 2147483647;
			files = (
			);
			inputPaths = (
				"${PODS_PODFILE_DIR_PATH}/Podfile.lock",
				"${PODS_ROOT}/Manifest.lock",
			);
			name = "[CP] Check Pods Manifest.lock";
			outputPaths = (
				"$(DERIVED_FILE_DIR)/Pods-Word UnscramblerUITests-checkManifestLockResult.txt",
			);
			runOnlyForDeploymentPostprocessing = 0;
			shellPath = /bin/sh;
			shellScript = "diff \"${PODS_PODFILE_DIR_PATH}/Podfile.lock\" \"${PODS_ROOT}/Manifest.lock\" > /dev/null\nif [ $? != 0 ] ; then\n    # print error to STDERR\n    echo \"error: The sandbox is not in sync with the Podfile.lock. Run 'pod install' or update your CocoaPods installation.\" >&2\n    exit 1\nfi\n# This output is used by Xcode 'outputs' to avoid re-running this script phase.\necho \"SUCCESS\" > \"${SCRIPT_OUTPUT_FILE_0}\"\n";
			showEnvVarsInLog = 0;
		};
		FF56DCDD453142BCFFC57E11 /* [CP] Embed Pods Frameworks */ = {
			isa = PBXShellScriptBuildPhase;
			buildActionMask = 2147483647;
			files = (
			);
			inputPaths = (
				"${SRCROOT}/Pods/Target Support Files/Pods-Word Unscrambler/Pods-Word Unscrambler-frameworks.sh",
				"${BUILT_PRODUCTS_DIR}/BEMCheckBox/BEMCheckBox.framework",
				"${BUILT_PRODUCTS_DIR}/BoringSSL-GRPC/openssl_grpc.framework",
				"${BUILT_PRODUCTS_DIR}/GTMSessionFetcher/GTMSessionFetcher.framework",
				"${BUILT_PRODUCTS_DIR}/GoogleToolboxForMac/GoogleToolboxForMac.framework",
				"${BUILT_PRODUCTS_DIR}/MDFInternationalization/MDFInternationalization.framework",
				"${BUILT_PRODUCTS_DIR}/MDFTextAccessibility/MDFTextAccessibility.framework",
				"${BUILT_PRODUCTS_DIR}/MaterialComponents/MaterialComponents.framework",
				"${BUILT_PRODUCTS_DIR}/MotionAnimator/MotionAnimator.framework",
				"${BUILT_PRODUCTS_DIR}/MotionInterchange/MotionInterchange.framework",
				"${BUILT_PRODUCTS_DIR}/MotionTransitioning/MotionTransitioning.framework",
				"${BUILT_PRODUCTS_DIR}/Protobuf/Protobuf.framework",
				"${BUILT_PRODUCTS_DIR}/SnapKit/SnapKit.framework",
				"${BUILT_PRODUCTS_DIR}/gRPC/GRPCClient.framework",
				"${BUILT_PRODUCTS_DIR}/gRPC-Core/grpc.framework",
				"${BUILT_PRODUCTS_DIR}/gRPC-ProtoRPC/ProtoRPC.framework",
				"${BUILT_PRODUCTS_DIR}/gRPC-RxLibrary/RxLibrary.framework",
				"${BUILT_PRODUCTS_DIR}/leveldb-library/leveldb.framework",
				"${BUILT_PRODUCTS_DIR}/lottie-ios/Lottie.framework",
				"${BUILT_PRODUCTS_DIR}/nanopb/nanopb.framework",
			);
			name = "[CP] Embed Pods Frameworks";
			outputPaths = (
				"${TARGET_BUILD_DIR}/${FRAMEWORKS_FOLDER_PATH}/BEMCheckBox.framework",
				"${TARGET_BUILD_DIR}/${FRAMEWORKS_FOLDER_PATH}/openssl_grpc.framework",
				"${TARGET_BUILD_DIR}/${FRAMEWORKS_FOLDER_PATH}/GTMSessionFetcher.framework",
				"${TARGET_BUILD_DIR}/${FRAMEWORKS_FOLDER_PATH}/GoogleToolboxForMac.framework",
				"${TARGET_BUILD_DIR}/${FRAMEWORKS_FOLDER_PATH}/MDFInternationalization.framework",
				"${TARGET_BUILD_DIR}/${FRAMEWORKS_FOLDER_PATH}/MDFTextAccessibility.framework",
				"${TARGET_BUILD_DIR}/${FRAMEWORKS_FOLDER_PATH}/MaterialComponents.framework",
				"${TARGET_BUILD_DIR}/${FRAMEWORKS_FOLDER_PATH}/MotionAnimator.framework",
				"${TARGET_BUILD_DIR}/${FRAMEWORKS_FOLDER_PATH}/MotionInterchange.framework",
				"${TARGET_BUILD_DIR}/${FRAMEWORKS_FOLDER_PATH}/MotionTransitioning.framework",
				"${TARGET_BUILD_DIR}/${FRAMEWORKS_FOLDER_PATH}/Protobuf.framework",
				"${TARGET_BUILD_DIR}/${FRAMEWORKS_FOLDER_PATH}/SnapKit.framework",
				"${TARGET_BUILD_DIR}/${FRAMEWORKS_FOLDER_PATH}/GRPCClient.framework",
				"${TARGET_BUILD_DIR}/${FRAMEWORKS_FOLDER_PATH}/grpc.framework",
				"${TARGET_BUILD_DIR}/${FRAMEWORKS_FOLDER_PATH}/ProtoRPC.framework",
				"${TARGET_BUILD_DIR}/${FRAMEWORKS_FOLDER_PATH}/RxLibrary.framework",
				"${TARGET_BUILD_DIR}/${FRAMEWORKS_FOLDER_PATH}/leveldb.framework",
				"${TARGET_BUILD_DIR}/${FRAMEWORKS_FOLDER_PATH}/Lottie.framework",
				"${TARGET_BUILD_DIR}/${FRAMEWORKS_FOLDER_PATH}/nanopb.framework",
			);
			runOnlyForDeploymentPostprocessing = 0;
			shellPath = /bin/sh;
			shellScript = "\"${SRCROOT}/Pods/Target Support Files/Pods-Word Unscrambler/Pods-Word Unscrambler-frameworks.sh\"\n";
			showEnvVarsInLog = 0;
		};
/* End PBXShellScriptBuildPhase section */

/* Begin PBXSourcesBuildPhase section */
		10DD001A1D8A20070076D3BD /* Sources */ = {
			isa = PBXSourcesBuildPhase;
			buildActionMask = 2147483647;
			files = (
				10DD00221D8A20070076D3BD /* AppDelegate.swift in Sources */,
				10E18DC31DB1DF52004F6491 /* WebViewController.swift in Sources */,
				106EADA320646E55008E41B0 /* Combinations.swift in Sources */,
				106EADA5206478D4008E41B0 /* WordUnscramblerViewController.swift in Sources */,
				192E4B18925542C97CEB5DD8 /* MainViewController.swift in Sources */,
				192E40555EC5A42F2851F233 /* UIViewControllerExtension.swift in Sources */,
				192E47F555D76A6722749AA6 /* Color.swift in Sources */,
				192E44ABA4D6A42E7F2A3AF2 /* UINavigationControllerExtension.swift in Sources */,
				192E4D0808075595AF729419 /* Font.swift in Sources */,
				192E4C11EDAAACB78A304CDE /* UITextFieldExtension.swift in Sources */,
				192E4B41BB561A6250BEEF2A /* Message.swift in Sources */,
				192E45DD500340878E954655 /* Icon.swift in Sources */,
				192E40D37324E59FEB08E6BA /* WordTableViewCell.swift in Sources */,
				192E45CE8F803031F8F3C441 /* UIViewExtension.swift in Sources */,
				192E4A1AC6DE1026B9E71B16 /* CollapsibleTableViewHeader.swift in Sources */,
				192E40E380D0F1F3F18C22B6 /* Section.swift in Sources */,
				192E4E6D4B8C2B1610EF80DB /* UnScrambler.swift in Sources */,
				192E4675EE23C8E24F9BB9FE /* Default.swift in Sources */,
				192E41B9E8047C6E96938C55 /* FilterViewController.swift in Sources */,
				192E4DE53AD2FCC6EF0EBA7C /* DefinitionViewController.swift in Sources */,
				192E4D73DA17E6F0ADBB7B32 /* FetchDefinition.swift in Sources */,
				192E41ACAC0D76758BEC9B27 /* FirebaseKey.swift in Sources */,
				192E439C090F5E0965775601 /* FirebaseReference.swift in Sources */,
				192E4DC96685179B9338301A /* FIrebaseFetch.swift in Sources */,
				192E4A207C2E543D9A0A671E /* FirebaseFetchWordCompletion.swift in Sources */,
				192E41F6F83527046E05AC32 /* FirebaseWord.swift in Sources */,
				192E4E3ECAAB7426644E0831 /* Circle.swift in Sources */,
				192E4827FD40BFCE90A6FE08 /* DefinitionTableViewCell.swift in Sources */,
				192E4CA8E44A41AF32BA81CB /* LOTAnimationViewExtension.swift in Sources */,
				192E4F7D81B59E4794769EA3 /* LottieAnimation.swift in Sources */,
			);
			runOnlyForDeploymentPostprocessing = 0;
		};
		10DD00311D8A20070076D3BD /* Sources */ = {
			isa = PBXSourcesBuildPhase;
			buildActionMask = 2147483647;
			files = (
				10DD003A1D8A20070076D3BD /* Word_UnscramblerTests.swift in Sources */,
			);
			runOnlyForDeploymentPostprocessing = 0;
		};
		10DD003C1D8A20070076D3BD /* Sources */ = {
			isa = PBXSourcesBuildPhase;
			buildActionMask = 2147483647;
			files = (
				10DD00451D8A20070076D3BD /* Word_UnscramblerUITests.swift in Sources */,
			);
			runOnlyForDeploymentPostprocessing = 0;
		};
/* End PBXSourcesBuildPhase section */

/* Begin PBXTargetDependency section */
		10DD00371D8A20070076D3BD /* PBXTargetDependency */ = {
			isa = PBXTargetDependency;
			target = 10DD001D1D8A20070076D3BD /* Word Unscrambler */;
			targetProxy = 10DD00361D8A20070076D3BD /* PBXContainerItemProxy */;
		};
		10DD00421D8A20070076D3BD /* PBXTargetDependency */ = {
			isa = PBXTargetDependency;
			target = 10DD001D1D8A20070076D3BD /* Word Unscrambler */;
			targetProxy = 10DD00411D8A20070076D3BD /* PBXContainerItemProxy */;
		};
/* End PBXTargetDependency section */

/* Begin PBXVariantGroup section */
		10DD00251D8A20070076D3BD /* Main.storyboard */ = {
			isa = PBXVariantGroup;
			children = (
				10DD00261D8A20070076D3BD /* Base */,
			);
			name = Main.storyboard;
			sourceTree = "<group>";
		};
		10DD002D1D8A20070076D3BD /* LaunchScreen.storyboard */ = {
			isa = PBXVariantGroup;
			children = (
				10DD002E1D8A20070076D3BD /* Base */,
			);
			name = LaunchScreen.storyboard;
			sourceTree = "<group>";
		};
/* End PBXVariantGroup section */

/* Begin XCBuildConfiguration section */
		10DD00471D8A20070076D3BD /* Debug */ = {
			isa = XCBuildConfiguration;
			buildSettings = {
				ALWAYS_SEARCH_USER_PATHS = NO;
				CLANG_ANALYZER_NONNULL = YES;
				CLANG_CXX_LANGUAGE_STANDARD = "gnu++0x";
				CLANG_CXX_LIBRARY = "libc++";
				CLANG_ENABLE_MODULES = YES;
				CLANG_ENABLE_OBJC_ARC = YES;
				CLANG_WARN_BLOCK_CAPTURE_AUTORELEASING = YES;
				CLANG_WARN_BOOL_CONVERSION = YES;
				CLANG_WARN_COMMA = YES;
				CLANG_WARN_CONSTANT_CONVERSION = YES;
				CLANG_WARN_DEPRECATED_OBJC_IMPLEMENTATIONS = YES;
				CLANG_WARN_DIRECT_OBJC_ISA_USAGE = YES_ERROR;
				CLANG_WARN_EMPTY_BODY = YES;
				CLANG_WARN_ENUM_CONVERSION = YES;
				CLANG_WARN_INFINITE_RECURSION = YES;
				CLANG_WARN_INT_CONVERSION = YES;
				CLANG_WARN_NON_LITERAL_NULL_CONVERSION = YES;
				CLANG_WARN_OBJC_IMPLICIT_RETAIN_SELF = YES;
				CLANG_WARN_OBJC_LITERAL_CONVERSION = YES;
				CLANG_WARN_OBJC_ROOT_CLASS = YES_ERROR;
				CLANG_WARN_RANGE_LOOP_ANALYSIS = YES;
				CLANG_WARN_STRICT_PROTOTYPES = YES;
				CLANG_WARN_SUSPICIOUS_MOVE = YES;
				CLANG_WARN_UNREACHABLE_CODE = YES;
				CLANG_WARN__DUPLICATE_METHOD_MATCH = YES;
				CODE_SIGN_IDENTITY = "iPhone Developer";
				"CODE_SIGN_IDENTITY[sdk=iphoneos*]" = "iPhone Developer: Satish Boggarapu (NM484VC4JK)";
				COPY_PHASE_STRIP = NO;
				DEBUG_INFORMATION_FORMAT = dwarf;
				DEVELOPMENT_TEAM = TEGLEE3UYA;
				ENABLE_STRICT_OBJC_MSGSEND = YES;
				ENABLE_TESTABILITY = YES;
				GCC_C_LANGUAGE_STANDARD = gnu99;
				GCC_DYNAMIC_NO_PIC = NO;
				GCC_NO_COMMON_BLOCKS = YES;
				GCC_OPTIMIZATION_LEVEL = 0;
				GCC_PREPROCESSOR_DEFINITIONS = (
					"DEBUG=1",
					"$(inherited)",
				);
				GCC_WARN_64_TO_32_BIT_CONVERSION = YES;
				GCC_WARN_ABOUT_RETURN_TYPE = YES_ERROR;
				GCC_WARN_UNDECLARED_SELECTOR = YES;
				GCC_WARN_UNINITIALIZED_AUTOS = YES_AGGRESSIVE;
				GCC_WARN_UNUSED_FUNCTION = YES;
				GCC_WARN_UNUSED_VARIABLE = YES;
				IPHONEOS_DEPLOYMENT_TARGET = 9.3;
				MTL_ENABLE_DEBUG_INFO = YES;
				ONLY_ACTIVE_ARCH = YES;
				PROVISIONING_PROFILE = "e5cb3ff2-8fdc-4ac2-a37b-81d2aa36ef4a";
				SDKROOT = iphoneos;
				SWIFT_OPTIMIZATION_LEVEL = "-Onone";
				SWIFT_VERSION = 4.0;
				TARGETED_DEVICE_FAMILY = "1,2";
			};
			name = Debug;
		};
		10DD00481D8A20070076D3BD /* Release */ = {
			isa = XCBuildConfiguration;
			buildSettings = {
				ALWAYS_SEARCH_USER_PATHS = NO;
				CLANG_ANALYZER_NONNULL = YES;
				CLANG_CXX_LANGUAGE_STANDARD = "gnu++0x";
				CLANG_CXX_LIBRARY = "libc++";
				CLANG_ENABLE_MODULES = YES;
				CLANG_ENABLE_OBJC_ARC = YES;
				CLANG_WARN_BLOCK_CAPTURE_AUTORELEASING = YES;
				CLANG_WARN_BOOL_CONVERSION = YES;
				CLANG_WARN_COMMA = YES;
				CLANG_WARN_CONSTANT_CONVERSION = YES;
				CLANG_WARN_DEPRECATED_OBJC_IMPLEMENTATIONS = YES;
				CLANG_WARN_DIRECT_OBJC_ISA_USAGE = YES_ERROR;
				CLANG_WARN_EMPTY_BODY = YES;
				CLANG_WARN_ENUM_CONVERSION = YES;
				CLANG_WARN_INFINITE_RECURSION = YES;
				CLANG_WARN_INT_CONVERSION = YES;
				CLANG_WARN_NON_LITERAL_NULL_CONVERSION = YES;
				CLANG_WARN_OBJC_IMPLICIT_RETAIN_SELF = YES;
				CLANG_WARN_OBJC_LITERAL_CONVERSION = YES;
				CLANG_WARN_OBJC_ROOT_CLASS = YES_ERROR;
				CLANG_WARN_RANGE_LOOP_ANALYSIS = YES;
				CLANG_WARN_STRICT_PROTOTYPES = YES;
				CLANG_WARN_SUSPICIOUS_MOVE = YES;
				CLANG_WARN_UNREACHABLE_CODE = YES;
				CLANG_WARN__DUPLICATE_METHOD_MATCH = YES;
				CODE_SIGN_IDENTITY = "iPhone Developer";
				"CODE_SIGN_IDENTITY[sdk=iphoneos*]" = "iPhone Distribution: Satish Boggarapu (TEGLEE3UYA)";
				COPY_PHASE_STRIP = NO;
				DEBUG_INFORMATION_FORMAT = "dwarf-with-dsym";
				DEVELOPMENT_TEAM = TEGLEE3UYA;
				ENABLE_NS_ASSERTIONS = NO;
				ENABLE_STRICT_OBJC_MSGSEND = YES;
				GCC_C_LANGUAGE_STANDARD = gnu99;
				GCC_NO_COMMON_BLOCKS = YES;
				GCC_WARN_64_TO_32_BIT_CONVERSION = YES;
				GCC_WARN_ABOUT_RETURN_TYPE = YES_ERROR;
				GCC_WARN_UNDECLARED_SELECTOR = YES;
				GCC_WARN_UNINITIALIZED_AUTOS = YES_AGGRESSIVE;
				GCC_WARN_UNUSED_FUNCTION = YES;
				GCC_WARN_UNUSED_VARIABLE = YES;
				IPHONEOS_DEPLOYMENT_TARGET = 9.3;
				MTL_ENABLE_DEBUG_INFO = NO;
				PROVISIONING_PROFILE = "e5cb3ff2-8fdc-4ac2-a37b-81d2aa36ef4a";
				SDKROOT = iphoneos;
				SWIFT_OPTIMIZATION_LEVEL = "-Owholemodule";
				SWIFT_VERSION = 4.0;
				TARGETED_DEVICE_FAMILY = "1,2";
				VALIDATE_PRODUCT = YES;
			};
			name = Release;
		};
		10DD004A1D8A20070076D3BD /* Debug */ = {
			isa = XCBuildConfiguration;
			baseConfigurationReference = 6DB28EE393E853AA144B2A6A /* Pods-Word Unscrambler.debug.xcconfig */;
			buildSettings = {
				ASSETCATALOG_COMPILER_APPICON_NAME = AppIcon;
				CODE_SIGN_IDENTITY = "iPhone Developer";
				CODE_SIGN_STYLE = Manual;
				DEVELOPMENT_TEAM = TEGLEE3UYA;
				INFOPLIST_FILE = "Word Unscrambler/Info.plist";
				IPHONEOS_DEPLOYMENT_TARGET = 9.1;
				LD_RUNPATH_SEARCH_PATHS = "$(inherited) @executable_path/Frameworks";
				PRODUCT_BUNDLE_IDENTIFIER = "com.satishboggarapu.Word-Unscrambler";
				PRODUCT_NAME = "$(TARGET_NAME)";
				PROVISIONING_PROFILE = "028eedbe-c618-4fb8-ab2e-06d6fca3d84f";
				PROVISIONING_PROFILE_SPECIFIER = WordUnscramblerDevelopment;
				SWIFT_SWIFT3_OBJC_INFERENCE = On;
				SWIFT_VERSION = 4.0;
			};
			name = Debug;
		};
		10DD004B1D8A20070076D3BD /* Release */ = {
			isa = XCBuildConfiguration;
			baseConfigurationReference = 7AAEC2551AF72120C378539A /* Pods-Word Unscrambler.release.xcconfig */;
			buildSettings = {
				ASSETCATALOG_COMPILER_APPICON_NAME = AppIcon;
				CODE_SIGN_IDENTITY = "iPhone Distribution";
				"CODE_SIGN_IDENTITY[sdk=iphoneos*]" = "iPhone Distribution";
				CODE_SIGN_STYLE = Manual;
				DEVELOPMENT_TEAM = TEGLEE3UYA;
				INFOPLIST_FILE = "Word Unscrambler/Info.plist";
				IPHONEOS_DEPLOYMENT_TARGET = 9.1;
				LD_RUNPATH_SEARCH_PATHS = "$(inherited) @executable_path/Frameworks";
				PRODUCT_BUNDLE_IDENTIFIER = "com.satishboggarapu.Word-Unscrambler";
				PRODUCT_NAME = "$(TARGET_NAME)";
				PROVISIONING_PROFILE = "5ef05b47-affc-41d3-936a-957327a04a39";
				PROVISIONING_PROFILE_SPECIFIER = WordUnscramblerDistribution;
				SWIFT_SWIFT3_OBJC_INFERENCE = On;
				SWIFT_VERSION = 4.0;
			};
			name = Release;
		};
		10DD004D1D8A20070076D3BD /* Debug */ = {
			isa = XCBuildConfiguration;
			baseConfigurationReference = 9DA310760039FD5D69FA083E /* Pods-Word UnscramblerTests.debug.xcconfig */;
			buildSettings = {
				BUNDLE_LOADER = "$(TEST_HOST)";
				CODE_SIGN_IDENTITY = "iPhone Developer: Satish Boggarapu (NM484VC4JK)";
				INFOPLIST_FILE = "Word UnscramblerTests/Info.plist";
				LD_RUNPATH_SEARCH_PATHS = "$(inherited) @executable_path/Frameworks @loader_path/Frameworks";
				PRODUCT_BUNDLE_IDENTIFIER = "me.Word-UnscramblerTests";
				PRODUCT_NAME = "$(TARGET_NAME)";
				SWIFT_SWIFT3_OBJC_INFERENCE = On;
				SWIFT_VERSION = 4.0;
				TEST_HOST = "$(BUILT_PRODUCTS_DIR)/Word Unscrambler.app/Word Unscrambler";
			};
			name = Debug;
		};
		10DD004E1D8A20070076D3BD /* Release */ = {
			isa = XCBuildConfiguration;
			baseConfigurationReference = 02CCE1A0D854DAC0F2540E68 /* Pods-Word UnscramblerTests.release.xcconfig */;
			buildSettings = {
				BUNDLE_LOADER = "$(TEST_HOST)";
				CODE_SIGN_IDENTITY = "iPhone Developer: Satish Boggarapu (NM484VC4JK)";
				INFOPLIST_FILE = "Word UnscramblerTests/Info.plist";
				LD_RUNPATH_SEARCH_PATHS = "$(inherited) @executable_path/Frameworks @loader_path/Frameworks";
				PRODUCT_BUNDLE_IDENTIFIER = "me.Word-UnscramblerTests";
				PRODUCT_NAME = "$(TARGET_NAME)";
				SWIFT_SWIFT3_OBJC_INFERENCE = On;
				SWIFT_VERSION = 4.0;
				TEST_HOST = "$(BUILT_PRODUCTS_DIR)/Word Unscrambler.app/Word Unscrambler";
			};
			name = Release;
		};
		10DD00501D8A20070076D3BD /* Debug */ = {
			isa = XCBuildConfiguration;
			baseConfigurationReference = E2EF0121C8632A275B93AC2E /* Pods-Word UnscramblerUITests.debug.xcconfig */;
			buildSettings = {
				INFOPLIST_FILE = "Word UnscramblerUITests/Info.plist";
				LD_RUNPATH_SEARCH_PATHS = "$(inherited) @executable_path/Frameworks @loader_path/Frameworks";
				PRODUCT_BUNDLE_IDENTIFIER = "me.Word-UnscramblerUITests";
				PRODUCT_NAME = "$(TARGET_NAME)";
				SWIFT_SWIFT3_OBJC_INFERENCE = On;
				SWIFT_VERSION = 4.0;
				TEST_TARGET_NAME = "Word Unscrambler";
			};
			name = Debug;
		};
		10DD00511D8A20070076D3BD /* Release */ = {
			isa = XCBuildConfiguration;
			baseConfigurationReference = 3A7C33669F97B24621C5A6C6 /* Pods-Word UnscramblerUITests.release.xcconfig */;
			buildSettings = {
				INFOPLIST_FILE = "Word UnscramblerUITests/Info.plist";
				LD_RUNPATH_SEARCH_PATHS = "$(inherited) @executable_path/Frameworks @loader_path/Frameworks";
				PRODUCT_BUNDLE_IDENTIFIER = "me.Word-UnscramblerUITests";
				PRODUCT_NAME = "$(TARGET_NAME)";
				SWIFT_SWIFT3_OBJC_INFERENCE = On;
				SWIFT_VERSION = 4.0;
				TEST_TARGET_NAME = "Word Unscrambler";
			};
			name = Release;
		};
/* End XCBuildConfiguration section */

/* Begin XCConfigurationList section */
		10DD00191D8A20070076D3BD /* Build configuration list for PBXProject "Word Unscrambler" */ = {
			isa = XCConfigurationList;
			buildConfigurations = (
				10DD00471D8A20070076D3BD /* Debug */,
				10DD00481D8A20070076D3BD /* Release */,
			);
			defaultConfigurationIsVisible = 0;
			defaultConfigurationName = Release;
		};
		10DD00491D8A20070076D3BD /* Build configuration list for PBXNativeTarget "Word Unscrambler" */ = {
			isa = XCConfigurationList;
			buildConfigurations = (
				10DD004A1D8A20070076D3BD /* Debug */,
				10DD004B1D8A20070076D3BD /* Release */,
			);
			defaultConfigurationIsVisible = 0;
			defaultConfigurationName = Release;
		};
		10DD004C1D8A20070076D3BD /* Build configuration list for PBXNativeTarget "Word UnscramblerTests" */ = {
			isa = XCConfigurationList;
			buildConfigurations = (
				10DD004D1D8A20070076D3BD /* Debug */,
				10DD004E1D8A20070076D3BD /* Release */,
			);
			defaultConfigurationIsVisible = 0;
			defaultConfigurationName = Release;
		};
		10DD004F1D8A20070076D3BD /* Build configuration list for PBXNativeTarget "Word UnscramblerUITests" */ = {
			isa = XCConfigurationList;
			buildConfigurations = (
				10DD00501D8A20070076D3BD /* Debug */,
				10DD00511D8A20070076D3BD /* Release */,
			);
			defaultConfigurationIsVisible = 0;
			defaultConfigurationName = Release;
		};
/* End XCConfigurationList section */
	};
	rootObject = 10DD00161D8A20070076D3BD /* Project object */;
}
